
Microsoft Visual Studio Solution File, Format Version 12.00
# Visual Studio Version 17
VisualStudioVersion = 17.8.34525.116
MinimumVisualStudioVersion = 10.0.40219.1
Project("{FAE04EC0-301F-11D3-BF4B-00C04F79EFBC}") = "task8", "task8\task8.csproj", "{9F65CBDA-3036-42AB-8FB5-357C80F2AF51}"
EndProject
Global
	GlobalSection(SolutionConfigurationPlatforms) = preSolution
		Debug|Any CPU = Debug|Any CPU
		Release|Any CPU = Release|Any CPU
	EndGlobalSection
	GlobalSection(ProjectConfigurationPlatforms) = postSolution
		{9F65CBDA-3036-42AB-8FB5-357C80F2AF51}.Debug|Any CPU.ActiveCfg = Debug|Any CPU
		{9F65CBDA-3036-42AB-8FB5-357C80F2AF51}.Debug|Any CPU.Build.0 = Debug|Any CPU
		{9F65CBDA-3036-42AB-8FB5-357C80F2AF51}.Release|Any CPU.ActiveCfg = Release|Any CPU
		{9F65CBDA-3036-42AB-8FB5-357C80F2AF51}.Release|Any CPU.Build.0 = Release|Any CPU
	EndGlobalSection
	GlobalSection(SolutionProperties) = preSolution
		HideSolutionNode = FALSE
	EndGlobalSection
	GlobalSection(ExtensibilityGlobals) = postSolution
		SolutionGuid = {8480276C-0EE3-490F-823B-1E3919EF4D59}
	EndGlobalSection
EndGlobal
